{
  "lockfile_version": "1",
  "packages": {
    "github:NixOS/nixpkgs/nixpkgs-unstable": {
      "last_modified": "2025-12-09T08:49:39Z",
      "resolved": "github:NixOS/nixpkgs/677fbe97984e7af3175b6c121f3c39ee5c8d62c9?lastModified=1765270179&narHash=sha256-g2a4MhRKu4ymR4xwo%2BI%2BauTknXt%2F%2Bj37Lnf0Mvfl1rE%3D"
    },
    "kustomize@latest": {
      "last_modified": "2025-11-23T21:50:36Z",
      "resolved": "github:NixOS/nixpkgs/ee09932cedcef15aaf476f9343d1dea2cb77e261#kustomize",
      "source": "devbox-search",
      "version": "5.8.0",
      "systems": {
        "aarch64-darwin": {
          "outputs": [
            {
              "name": "out",
              "path": "/nix/store/bfpk7qk50w5p8zxal5v9xxw26wsx1xp4-kustomize-5.8.0",
              "default": true
            }
          ],
          "store_path": "/nix/store/bfpk7qk50w5p8zxal5v9xxw26wsx1xp4-kustomize-5.8.0"
        },
        "aarch64-linux": {
          "outputs": [
            {
              "name": "out",
              "path": "/nix/store/771gd7nr0v7wb47ap90k4ig0mzb9cqdk-kustomize-5.8.0",
              "default": true
            }
          ],
          "store_path": "/nix/store/771gd7nr0v7wb47ap90k4ig0mzb9cqdk-kustomize-5.8.0"
        },
        "x86_64-darwin": {
          "outputs": [
            {
              "name": "out",
              "path": "/nix/store/l46dlgypv437c599870klhqwf3d7i63j-kustomize-5.8.0",
              "default": true
            }
          ],
          "store_path": "/nix/store/l46dlgypv437c599870klhqwf3d7i63j-kustomize-5.8.0"
        },
        "x86_64-linux": {
          "outputs": [
            {
              "name": "out",
              "path": "/nix/store/wa0z5dbcpm2zr2d51dn4ggngvvh17pk3-kustomize-5.8.0",
              "default": true
            }
          ],
          "store_path": "/nix/store/wa0z5dbcpm2zr2d51dn4ggngvvh17pk3-kustomize-5.8.0"
        }
      }
    }
  }
}
